
Microsoft Visual Studio Solution File, Format Version 12.00
# Visual Studio Version 16
VisualStudioVersion = 16.0.32126.315
MinimumVisualStudioVersion = 10.0.40219.1
Project("{FAE04EC0-301F-11D3-BF4B-00C04F79EFBC}") = "Ülkeler", "8_ekstra_ornek_\Ülkeler.csproj", "{5CF7E2D0-D241-4D7B-81A8-2C6C1ADCD293}"
EndProject
Global
	GlobalSection(SolutionConfigurationPlatforms) = preSolution
		Debug|Any CPU = Debug|Any CPU
		Release|Any CPU = Release|Any CPU
	EndGlobalSection
	GlobalSection(ProjectConfigurationPlatforms) = postSolution
		{5CF7E2D0-D241-4D7B-81A8-2C6C1ADCD293}.Debug|Any CPU.ActiveCfg = Debug|Any CPU
		{5CF7E2D0-D241-4D7B-81A8-2C6C1ADCD293}.Debug|Any CPU.Build.0 = Debug|Any CPU
		{5CF7E2D0-D241-4D7B-81A8-2C6C1ADCD293}.Release|Any CPU.ActiveCfg = Release|Any CPU
		{5CF7E2D0-D241-4D7B-81A8-2C6C1ADCD293}.Release|Any CPU.Build.0 = Release|Any CPU
	EndGlobalSection
	GlobalSection(SolutionProperties) = preSolution
		HideSolutionNode = FALSE
	EndGlobalSection
	GlobalSection(ExtensibilityGlobals) = postSolution
		SolutionGuid = {1E6B5C00-BE02-42F8-81F4-5E9769F161B2}
	EndGlobalSection
EndGlobal
